// !$*UTF8*$!
{
	archiveVersion = 1;
	classes = {
	};
	objectVersion = 46;
	objects = {

/* Begin PBXBuildFile section */
		607F2F521D17D19B00F017B5 /* main.m in Sources */ = {isa = PBXBuildFile; fileRef = 607F2F511D17D19B00F017B5 /* main.m */; };
		607F2F551D17D19B00F017B5 /* AppDelegate.m in Sources */ = {isa = PBXBuildFile; fileRef = 607F2F541D17D19B00F017B5 /* AppDelegate.m */; };
		607F2F581D17D19B00F017B5 /* ViewController.m in Sources */ = {isa = PBXBuildFile; fileRef = 607F2F571D17D19B00F017B5 /* ViewController.m */; };
		607F2F5B1D17D19B00F017B5 /* Main.storyboard in Resources */ = {isa = PBXBuildFile; fileRef = 607F2F591D17D19B00F017B5 /* Main.storyboard */; };
		607F2F5E1D17D19B00F017B5 /* SuccesConfirmationOverlayDemo.xcdatamodeld in Sources */ = {isa = PBXBuildFile; fileRef = 607F2F5C1D17D19B00F017B5 /* SuccesConfirmationOverlayDemo.xcdatamodeld */; };
		607F2F601D17D19B00F017B5 /* Assets.xcassets in Resources */ = {isa = PBXBuildFile; fileRef = 607F2F5F1D17D19B00F017B5 /* Assets.xcassets */; };
		607F2F631D17D19B00F017B5 /* LaunchScreen.storyboard in Resources */ = {isa = PBXBuildFile; fileRef = 607F2F611D17D19B00F017B5 /* LaunchScreen.storyboard */; };
		607F2F6E1D17D19B00F017B5 /* SuccesConfirmationOverlayDemoTests.m in Sources */ = {isa = PBXBuildFile; fileRef = 607F2F6D1D17D19B00F017B5 /* SuccesConfirmationOverlayDemoTests.m */; };
		607F2F791D17D19B00F017B5 /* SuccesConfirmationOverlayDemoUITests.m in Sources */ = {isa = PBXBuildFile; fileRef = 607F2F781D17D19B00F017B5 /* SuccesConfirmationOverlayDemoUITests.m */; };
		607F2F871D17D1E300F017B5 /* SuccessButtonContainer.xib in Resources */ = {isa = PBXBuildFile; fileRef = 607F2F861D17D1E300F017B5 /* SuccessButtonContainer.xib */; };
		607F2F8A1D17D26600F017B5 /* SuccessButtonAnimation.m in Sources */ = {isa = PBXBuildFile; fileRef = 607F2F891D17D26600F017B5 /* SuccessButtonAnimation.m */; };
		607F2F8D1D180A5D00F017B5 /* SuccessButtonContainer.m in Sources */ = {isa = PBXBuildFile; fileRef = 607F2F8C1D180A5D00F017B5 /* SuccessButtonContainer.m */; };
/* End PBXBuildFile section */

/* Begin PBXContainerItemProxy section */
		607F2F6A1D17D19B00F017B5 /* PBXContainerItemProxy */ = {
			isa = PBXContainerItemProxy;
			containerPortal = 607F2F451D17D19B00F017B5 /* Project object */;
			proxyType = 1;
			remoteGlobalIDString = 607F2F4C1D17D19B00F017B5;
			remoteInfo = SuccesConfirmationOverlayDemo;
		};
		607F2F751D17D19B00F017B5 /* PBXContainerItemProxy */ = {
			isa = PBXContainerItemProxy;
			containerPortal = 607F2F451D17D19B00F017B5 /* Project object */;
			proxyType = 1;
			remoteGlobalIDString = 607F2F4C1D17D19B00F017B5;
			remoteInfo = SuccesConfirmationOverlayDemo;
		};
/* End PBXContainerItemProxy section */

/* Begin PBXFileReference section */
		607F2F4D1D17D19B00F017B5 /* SuccesConfirmationOverlayDemo.app */ = {isa = PBXFileReference; explicitFileType = wrapper.application; includeInIndex = 0; path = SuccesConfirmationOverlayDemo.app; sourceTree = BUILT_PRODUCTS_DIR; };
		607F2F511D17D19B00F017B5 /* main.m */ = {isa = PBXFileReference; lastKnownFileType = sourcecode.c.objc; path = main.m; sourceTree = "<group>"; };
		607F2F531D17D19B00F017B5 /* AppDelegate.h */ = {isa = PBXFileReference; lastKnownFileType = sourcecode.c.h; path = AppDelegate.h; sourceTree = "<group>"; };
		607F2F541D17D19B00F017B5 /* AppDelegate.m */ = {isa = PBXFileReference; lastKnownFileType = sourcecode.c.objc; path = AppDelegate.m; sourceTree = "<group>"; };
		607F2F561D17D19B00F017B5 /* ViewController.h */ = {isa = PBXFileReference; lastKnownFileType = sourcecode.c.h; path = ViewController.h; sourceTree = "<group>"; };
		607F2F571D17D19B00F017B5 /* ViewController.m */ = {isa = PBXFileReference; lastKnownFileType = sourcecode.c.objc; path = ViewController.m; sourceTree = "<group>"; };
		607F2F5A1D17D19B00F017B5 /* Base */ = {isa = PBXFileReference; lastKnownFileType = file.storyboard; name = Base; path = Base.lproj/Main.storyboard; sourceTree = "<group>"; };
		607F2F5D1D17D19B00F017B5 /* SuccesConfirmationOverlayDemo.xcdatamodel */ = {isa = PBXFileReference; lastKnownFileType = wrapper.xcdatamodel; path = SuccesConfirmationOverlayDemo.xcdatamodel; sourceTree = "<group>"; };
		607F2F5F1D17D19B00F017B5 /* Assets.xcassets */ = {isa = PBXFileReference; lastKnownFileType = folder.assetcatalog; path = Assets.xcassets; sourceTree = "<group>"; };
		607F2F621D17D19B00F017B5 /* Base */ = {isa = PBXFileReference; lastKnownFileType = file.storyboard; name = Base; path = Base.lproj/LaunchScreen.storyboard; sourceTree = "<group>"; };
		607F2F641D17D19B00F017B5 /* Info.plist */ = {isa = PBXFileReference; lastKnownFileType = text.plist.xml; path = Info.plist; sourceTree = "<group>"; };
		607F2F691D17D19B00F017B5 /* SuccesConfirmationOverlayDemoTests.xctest */ = {isa = PBXFileReference; explicitFileType = wrapper.cfbundle; includeInIndex = 0; path = SuccesConfirmationOverlayDemoTests.xctest; sourceTree = BUILT_PRODUCTS_DIR; };
		607F2F6D1D17D19B00F017B5 /* SuccesConfirmationOverlayDemoTests.m */ = {isa = PBXFileReference; lastKnownFileType = sourcecode.c.objc; path = SuccesConfirmationOverlayDemoTests.m; sourceTree = "<group>"; };
		607F2F6F1D17D19B00F017B5 /* Info.plist */ = {isa = PBXFileReference; lastKnownFileType = text.plist.xml; path = Info.plist; sourceTree = "<group>"; };
		607F2F741D17D19B00F017B5 /* SuccesConfirmationOverlayDemoUITests.xctest */ = {isa = PBXFileReference; explicitFileType = wrapper.cfbundle; includeInIndex = 0; path = SuccesConfirmationOverlayDemoUITests.xctest; sourceTree = BUILT_PRODUCTS_DIR; };
		607F2F781D17D19B00F017B5 /* SuccesConfirmationOverlayDemoUITests.m */ = {isa = PBXFileReference; lastKnownFileType = sourcecode.c.objc; path = SuccesConfirmationOverlayDemoUITests.m; sourceTree = "<group>"; };
		607F2F7A1D17D19B00F017B5 /* Info.plist */ = {isa = PBXFileReference; lastKnownFileType = text.plist.xml; path = Info.plist; sourceTree = "<group>"; };
		607F2F861D17D1E300F017B5 /* SuccessButtonContainer.xib */ = {isa = PBXFileReference; fileEncoding = 4; lastKnownFileType = file.xib; path = SuccessButtonContainer.xib; sourceTree = "<group>"; };
		607F2F881D17D26600F017B5 /* SuccessButtonAnimation.h */ = {isa = PBXFileReference; fileEncoding = 4; lastKnownFileType = sourcecode.c.h; path = SuccessButtonAnimation.h; sourceTree = "<group>"; };
		607F2F891D17D26600F017B5 /* SuccessButtonAnimation.m */ = {isa = PBXFileReference; fileEncoding = 4; lastKnownFileType = sourcecode.c.objc; path = SuccessButtonAnimation.m; sourceTree = "<group>"; };
		607F2F8B1D180A5D00F017B5 /* SuccessButtonContainer.h */ = {isa = PBXFileReference; fileEncoding = 4; lastKnownFileType = sourcecode.c.h; path = SuccessButtonContainer.h; sourceTree = "<group>"; };
		607F2F8C1D180A5D00F017B5 /* SuccessButtonContainer.m */ = {isa = PBXFileReference; fileEncoding = 4; lastKnownFileType = sourcecode.c.objc; path = SuccessButtonContainer.m; sourceTree = "<group>"; };
/* End PBXFileReference section */

/* Begin PBXFrameworksBuildPhase section */
		607F2F4A1D17D19B00F017B5 /* Frameworks */ = {
			isa = PBXFrameworksBuildPhase;
			buildActionMask = 2147483647;
			files = (
			);
			runOnlyForDeploymentPostprocessing = 0;
		};
		607F2F661D17D19B00F017B5 /* Frameworks */ = {
			isa = PBXFrameworksBuildPhase;
			buildActionMask = 2147483647;
			files = (
			);
			runOnlyForDeploymentPostprocessing = 0;
		};
		607F2F711D17D19B00F017B5 /* Frameworks */ = {
			isa = PBXFrameworksBuildPhase;
			buildActionMask = 2147483647;
			files = (
			);
			runOnlyForDeploymentPostprocessing = 0;
		};
/* End PBXFrameworksBuildPhase section */

/* Begin PBXGroup section */
		607F2F441D17D19B00F017B5 = {
			isa = PBXGroup;
			children = (
				607F2F4F1D17D19B00F017B5 /* SuccesConfirmationOverlayDemo */,
				607F2F6C1D17D19B00F017B5 /* SuccesConfirmationOverlayDemoTests */,
				607F2F771D17D19B00F017B5 /* SuccesConfirmationOverlayDemoUITests */,
				607F2F4E1D17D19B00F017B5 /* Products */,
			);
			sourceTree = "<group>";
		};
		607F2F4E1D17D19B00F017B5 /* Products */ = {
			isa = PBXGroup;
			children = (
				607F2F4D1D17D19B00F017B5 /* SuccesConfirmationOverlayDemo.app */,
				607F2F691D17D19B00F017B5 /* SuccesConfirmationOverlayDemoTests.xctest */,
				607F2F741D17D19B00F017B5 /* SuccesConfirmationOverlayDemoUITests.xctest */,
			);
			name = Products;
			sourceTree = "<group>";
		};
		607F2F4F1D17D19B00F017B5 /* SuccesConfirmationOverlayDemo */ = {
			isa = PBXGroup;
			children = (
				607F2F531D17D19B00F017B5 /* AppDelegate.h */,
				607F2F541D17D19B00F017B5 /* AppDelegate.m */,
				607F2F561D17D19B00F017B5 /* ViewController.h */,
				607F2F571D17D19B00F017B5 /* ViewController.m */,
				607F2F591D17D19B00F017B5 /* Main.storyboard */,
				607F2F5F1D17D19B00F017B5 /* Assets.xcassets */,
				607F2F611D17D19B00F017B5 /* LaunchScreen.storyboard */,
				607F2F641D17D19B00F017B5 /* Info.plist */,
				607F2F5C1D17D19B00F017B5 /* SuccesConfirmationOverlayDemo.xcdatamodeld */,
				607F2F501D17D19B00F017B5 /* Supporting Files */,
				607F2F861D17D1E300F017B5 /* SuccessButtonContainer.xib */,
				607F2F881D17D26600F017B5 /* SuccessButtonAnimation.h */,
				607F2F891D17D26600F017B5 /* SuccessButtonAnimation.m */,
				607F2F8B1D180A5D00F017B5 /* SuccessButtonContainer.h */,
				607F2F8C1D180A5D00F017B5 /* SuccessButtonContainer.m */,
			);
			path = SuccesConfirmationOverlayDemo;
			sourceTree = "<group>";
		};
		607F2F501D17D19B00F017B5 /* Supporting Files */ = {
			isa = PBXGroup;
			children = (
				607F2F511D17D19B00F017B5 /* main.m */,
			);
			name = "Supporting Files";
			sourceTree = "<group>";
		};
		607F2F6C1D17D19B00F017B5 /* SuccesConfirmationOverlayDemoTests */ = {
			isa = PBXGroup;
			children = (
				607F2F6D1D17D19B00F017B5 /* SuccesConfirmationOverlayDemoTests.m */,
				607F2F6F1D17D19B00F017B5 /* Info.plist */,
			);
			path = SuccesConfirmationOverlayDemoTests;
			sourceTree = "<group>";
		};
		607F2F771D17D19B00F017B5 /* SuccesConfirmationOverlayDemoUITests */ = {
			isa = PBXGroup;
			children = (
				607F2F781D17D19B00F017B5 /* SuccesConfirmationOverlayDemoUITests.m */,
				607F2F7A1D17D19B00F017B5 /* Info.plist */,
			);
			path = SuccesConfirmationOverlayDemoUITests;
			sourceTree = "<group>";
		};
/* End PBXGroup section */

/* Begin PBXNativeTarget section */
		607F2F4C1D17D19B00F017B5 /* SuccesConfirmationOverlayDemo */ = {
			isa = PBXNativeTarget;
			buildConfigurationList = 607F2F7D1D17D19B00F017B5 /* Build configuration list for PBXNativeTarget "SuccesConfirmationOverlayDemo" */;
			buildPhases = (
				607F2F491D17D19B00F017B5 /* Sources */,
				607F2F4A1D17D19B00F017B5 /* Frameworks */,
				607F2F4B1D17D19B00F017B5 /* Resources */,
			);
			buildRules = (
			);
			dependencies = (
			);
			name = SuccesConfirmationOverlayDemo;
			productName = SuccesConfirmationOverlayDemo;
			productReference = 607F2F4D1D17D19B00F017B5 /* SuccesConfirmationOverlayDemo.app */;
			productType = "com.apple.product-type.application";
		};
		607F2F681D17D19B00F017B5 /* SuccesConfirmationOverlayDemoTests */ = {
			isa = PBXNativeTarget;
			buildConfigurationList = 607F2F801D17D19B00F017B5 /* Build configuration list for PBXNativeTarget "SuccesConfirmationOverlayDemoTests" */;
			buildPhases = (
				607F2F651D17D19B00F017B5 /* Sources */,
				607F2F661D17D19B00F017B5 /* Frameworks */,
				607F2F671D17D19B00F017B5 /* Resources */,
			);
			buildRules = (
			);
			dependencies = (
				607F2F6B1D17D19B00F017B5 /* PBXTargetDependency */,
			);
			name = SuccesConfirmationOverlayDemoTests;
			productName = SuccesConfirmationOverlayDemoTests;
			productReference = 607F2F691D17D19B00F017B5 /* SuccesConfirmationOverlayDemoTests.xctest */;
			productType = "com.apple.product-type.bundle.unit-test";
		};
		607F2F731D17D19B00F017B5 /* SuccesConfirmationOverlayDemoUITests */ = {
			isa = PBXNativeTarget;
			buildConfigurationList = 607F2F831D17D19B00F017B5 /* Build configuration list for PBXNativeTarget "SuccesConfirmationOverlayDemoUITests" */;
			buildPhases = (
				607F2F701D17D19B00F017B5 /* Sources */,
				607F2F711D17D19B00F017B5 /* Frameworks */,
				607F2F721D17D19B00F017B5 /* Resources */,
			);
			buildRules = (
			);
			dependencies = (
				607F2F761D17D19B00F017B5 /* PBXTargetDependency */,
			);
			name = SuccesConfirmationOverlayDemoUITests;
			productName = SuccesConfirmationOverlayDemoUITests;
			productReference = 607F2F741D17D19B00F017B5 /* SuccesConfirmationOverlayDemoUITests.xctest */;
			productType = "com.apple.product-type.bundle.ui-testing";
		};
/* End PBXNativeTarget section */

/* Begin PBXProject section */
		607F2F451D17D19B00F017B5 /* Project object */ = {
			isa = PBXProject;
			attributes = {
				LastUpgradeCheck = 0730;
				ORGANIZATIONNAME = "";
				TargetAttributes = {
					607F2F4C1D17D19B00F017B5 = {
						CreatedOnToolsVersion = 7.3;
					};
					607F2F681D17D19B00F017B5 = {
						CreatedOnToolsVersion = 7.3;
						TestTargetID = 607F2F4C1D17D19B00F017B5;
					};
					607F2F731D17D19B00F017B5 = {
						CreatedOnToolsVersion = 7.3;
						TestTargetID = 607F2F4C1D17D19B00F017B5;
					};
				};
			};
			buildConfigurationList = 607F2F481D17D19B00F017B5 /* Build configuration list for PBXProject "SuccesConfirmationOverlayDemo" */;
			compatibilityVersion = "Xcode 3.2";
			developmentRegion = English;
			hasScannedForEncodings = 0;
			knownRegions = (
				en,
				Base,
			);
			mainGroup = 607F2F441D17D19B00F017B5;
			productRefGroup = 607F2F4E1D17D19B00F017B5 /* Products */;
			projectDirPath = "";
			projectRoot = "";
			targets = (
				607F2F4C1D17D19B00F017B5 /* SuccesConfirmationOverlayDemo */,
				607F2F681D17D19B00F017B5 /* SuccesConfirmationOverlayDemoTests */,
				607F2F731D17D19B00F017B5 /* SuccesConfirmationOverlayDemoUITests */,
			);
		};
/* End PBXProject section */

/* Begin PBXResourcesBuildPhase section */
		607F2F4B1D17D19B00F017B5 /* Resources */ = {
			isa = PBXResourcesBuildPhase;
			buildActionMask = 2147483647;
			files = (
				607F2F631D17D19B00F017B5 /* LaunchScreen.storyboard in Resources */,
				607F2F601D17D19B00F017B5 /* Assets.xcassets in Resources */,
				607F2F871D17D1E300F017B5 /* SuccessButtonContainer.xib in Resources */,
				607F2F5B1D17D19B00F017B5 /* Main.storyboard in Resources */,
			);
			runOnlyForDeploymentPostprocessing = 0;
		};
		607F2F671D17D19B00F017B5 /* Resources */ = {
			isa = PBXResourcesBuildPhase;
			buildActionMask = 2147483647;
			files = (
			);
			runOnlyForDeploymentPostprocessing = 0;
		};
		607F2F721D17D19B00F017B5 /* Resources */ = {
			isa = PBXResourcesBuildPhase;
			buildActionMask = 2147483647;
			files = (
			);
			runOnlyForDeploymentPostprocessing = 0;
		};
/* End PBXResourcesBuildPhase section */

/* Begin PBXSourcesBuildPhase section */
		607F2F491D17D19B00F017B5 /* Sources */ = {
			isa = PBXSourcesBuildPhase;
			buildActionMask = 2147483647;
			files = (
				607F2F8A1D17D26600F017B5 /* SuccessButtonAnimation.m in Sources */,
				607F2F5E1D17D19B00F017B5 /* SuccesConfirmationOverlayDemo.xcdatamodeld in Sources */,
				607F2F581D17D19B00F017B5 /* ViewController.m in Sources */,
				607F2F551D17D19B00F017B5 /* AppDelegate.m in Sources */,
				607F2F521D17D19B00F017B5 /* main.m in Sources */,
				607F2F8D1D180A5D00F017B5 /* SuccessButtonContainer.m in Sources */,
			);
			runOnlyForDeploymentPostprocessing = 0;
		};
		607F2F651D17D19B00F017B5 /* Sources */ = {
			isa = PBXSourcesBuildPhase;
			buildActionMask = 2147483647;
			files = (
				607F2F6E1D17D19B00F017B5 /* SuccesConfirmationOverlayDemoTests.m in Sources */,
			);
			runOnlyForDeploymentPostprocessing = 0;
		};
		607F2F701D17D19B00F017B5 /* Sources */ = {
			isa = PBXSourcesBuildPhase;
			buildActionMask = 2147483647;
			files = (
				607F2F791D17D19B00F017B5 /* SuccesConfirmationOverlayDemoUITests.m in Sources */,
			);
			runOnlyForDeploymentPostprocessing = 0;
		};
/* End PBXSourcesBuildPhase section */

/* Begin PBXTargetDependency section */
		607F2F6B1D17D19B00F017B5 /* PBXTargetDependency */ = {
			isa = PBXTargetDependency;
			target = 607F2F4C1D17D19B00F017B5 /* SuccesConfirmationOverlayDemo */;
			targetProxy = 607F2F6A1D17D19B00F017B5 /* PBXContainerItemProxy */;
		};
		607F2F761D17D19B00F017B5 /* PBXTargetDependency */ = {
			isa = PBXTargetDependency;
			target = 607F2F4C1D17D19B00F017B5 /* SuccesConfirmationOverlayDemo */;
			targetProxy = 607F2F751D17D19B00F017B5 /* PBXContainerItemProxy */;
		};
/* End PBXTargetDependency section */

/* Begin PBXVariantGroup section */
		607F2F591D17D19B00F017B5 /* Main.storyboard */ = {
			isa = PBXVariantGroup;
			children = (
				607F2F5A1D17D19B00F017B5 /* Base */,
			);
			name = Main.storyboard;
			sourceTree = "<group>";
		};
		607F2F611D17D19B00F017B5 /* LaunchScreen.storyboard */ = {
			isa = PBXVariantGroup;
			children = (
				607F2F621D17D19B00F017B5 /* Base */,
			);
			name = LaunchScreen.storyboard;
			sourceTree = "<group>";
		};
/* End PBXVariantGroup section */

/* Begin XCBuildConfiguration section */
		607F2F7B1D17D19B00F017B5 /* Debug */ = {
			isa = XCBuildConfiguration;
			buildSettings = {
				ALWAYS_SEARCH_USER_PATHS = NO;
				CLANG_ANALYZER_NONNULL = YES;
				CLANG_CXX_LANGUAGE_STANDARD = "gnu++0x";
				CLANG_CXX_LIBRARY = "libc++";
				CLANG_ENABLE_MODULES = YES;
				CLANG_ENABLE_OBJC_ARC = YES;
				CLANG_WARN_BOOL_CONVERSION = YES;
				CLANG_WARN_CONSTANT_CONVERSION = YES;
				CLANG_WARN_DIRECT_OBJC_ISA_USAGE = YES_ERROR;
				CLANG_WARN_EMPTY_BODY = YES;
				CLANG_WARN_ENUM_CONVERSION = YES;
				CLANG_WARN_INT_CONVERSION = YES;
				CLANG_WARN_OBJC_ROOT_CLASS = YES_ERROR;
				CLANG_WARN_UNREACHABLE_CODE = YES;
				CLANG_WARN__DUPLICATE_METHOD_MATCH = YES;
				"CODE_SIGN_IDENTITY[sdk=iphoneos*]" = "iPhone Developer";
				COPY_PHASE_STRIP = NO;
				DEBUG_INFORMATION_FORMAT = dwarf;
				ENABLE_STRICT_OBJC_MSGSEND = YES;
				ENABLE_TESTABILITY = YES;
				GCC_C_LANGUAGE_STANDARD = gnu99;
				GCC_DYNAMIC_NO_PIC = NO;
				GCC_NO_COMMON_BLOCKS = YES;
				GCC_OPTIMIZATION_LEVEL = 0;
				GCC_PREPROCESSOR_DEFINITIONS = (
					"DEBUG=1",
					"$(inherited)",
				);
				GCC_WARN_64_TO_32_BIT_CONVERSION = YES;
				GCC_WARN_ABOUT_RETURN_TYPE = YES_ERROR;
				GCC_WARN_UNDECLARED_SELECTOR = YES;
				GCC_WARN_UNINITIALIZED_AUTOS = YES_AGGRESSIVE;
				GCC_WARN_UNUSED_FUNCTION = YES;
				GCC_WARN_UNUSED_VARIABLE = YES;
				IPHONEOS_DEPLOYMENT_TARGET = 9.3;
				MTL_ENABLE_DEBUG_INFO = YES;
				ONLY_ACTIVE_ARCH = YES;
				SDKROOT = iphoneos;
				TARGETED_DEVICE_FAMILY = "1,2";
			};
			name = Debug;
		};
		607F2F7C1D17D19B00F017B5 /* Release */ = {
			isa = XCBuildConfiguration;
			buildSettings = {
				ALWAYS_SEARCH_USER_PATHS = NO;
				CLANG_ANALYZER_NONNULL = YES;
				CLANG_CXX_LANGUAGE_STANDARD = "gnu++0x";
				CLANG_CXX_LIBRARY = "libc++";
				CLANG_ENABLE_MODULES = YES;
				CLANG_ENABLE_OBJC_ARC = YES;
				CLANG_WARN_BOOL_CONVERSION = YES;
				CLANG_WARN_CONSTANT_CONVERSION = YES;
				CLANG_WARN_DIRECT_OBJC_ISA_USAGE = YES_ERROR;
				CLANG_WARN_EMPTY_BODY = YES;
				CLANG_WARN_ENUM_CONVERSION = YES;
				CLANG_WARN_INT_CONVERSION = YES;
				CLANG_WARN_OBJC_ROOT_CLASS = YES_ERROR;
				CLANG_WARN_UNREACHABLE_CODE = YES;
				CLANG_WARN__DUPLICATE_METHOD_MATCH = YES;
				"CODE_SIGN_IDENTITY[sdk=iphoneos*]" = "iPhone Developer";
				COPY_PHASE_STRIP = NO;
				DEBUG_INFORMATION_FORMAT = "dwarf-with-dsym";
				ENABLE_NS_ASSERTIONS = NO;
				ENABLE_STRICT_OBJC_MSGSEND = YES;
				GCC_C_LANGUAGE_STANDARD = gnu99;
				GCC_NO_COMMON_BLOCKS = YES;
				GCC_WARN_64_TO_32_BIT_CONVERSION = YES;
				GCC_WARN_ABOUT_RETURN_TYPE = YES_ERROR;
				GCC_WARN_UNDECLARED_SELECTOR = YES;
				GCC_WARN_UNINITIALIZED_AUTOS = YES_AGGRESSIVE;
				GCC_WARN_UNUSED_FUNCTION = YES;
				GCC_WARN_UNUSED_VARIABLE = YES;
				IPHONEOS_DEPLOYMENT_TARGET = 9.3;
				MTL_ENABLE_DEBUG_INFO = NO;
				SDKROOT = iphoneos;
				TARGETED_DEVICE_FAMILY = "1,2";
				VALIDATE_PRODUCT = YES;
			};
			name = Release;
		};
		607F2F7E1D17D19B00F017B5 /* Debug */ = {
			isa = XCBuildConfiguration;
			buildSettings = {
				ASSETCATALOG_COMPILER_APPICON_NAME = AppIcon;
				INFOPLIST_FILE = SuccesConfirmationOverlayDemo/Info.plist;
				LD_RUNPATH_SEARCH_PATHS = "$(inherited) @executable_path/Frameworks";
				PRODUCT_BUNDLE_IDENTIFIER = TD.SuccesConfirmationOverlayDemo;
				PRODUCT_NAME = "$(TARGET_NAME)";
			};
			name = Debug;
		};
		607F2F7F1D17D19B00F017B5 /* Release */ = {
			isa = XCBuildConfiguration;
			buildSettings = {
				ASSETCATALOG_COMPILER_APPICON_NAME = AppIcon;
				INFOPLIST_FILE = SuccesConfirmationOverlayDemo/Info.plist;
				LD_RUNPATH_SEARCH_PATHS = "$(inherited) @executable_path/Frameworks";
				PRODUCT_BUNDLE_IDENTIFIER = TD.SuccesConfirmationOverlayDemo;
				PRODUCT_NAME = "$(TARGET_NAME)";
			};
			name = Release;
		};
		607F2F811D17D19B00F017B5 /* Debug */ = {
			isa = XCBuildConfiguration;
			buildSettings = {
				BUNDLE_LOADER = "$(TEST_HOST)";
				INFOPLIST_FILE = SuccesConfirmationOverlayDemoTests/Info.plist;
				LD_RUNPATH_SEARCH_PATHS = "$(inherited) @executable_path/Frameworks @loader_path/Frameworks";
				PRODUCT_BUNDLE_IDENTIFIER = TD.SuccesConfirmationOverlayDemoTests;
				PRODUCT_NAME = "$(TARGET_NAME)";
				TEST_HOST = "$(BUILT_PRODUCTS_DIR)/SuccesConfirmationOverlayDemo.app/SuccesConfirmationOverlayDemo";
			};
			name = Debug;
		};
		607F2F821D17D19B00F017B5 /* Release */ = {
			isa = XCBuildConfiguration;
			buildSettings = {
				BUNDLE_LOADER = "$(TEST_HOST)";
				INFOPLIST_FILE = SuccesConfirmationOverlayDemoTests/Info.plist;
				LD_RUNPATH_SEARCH_PATHS = "$(inherited) @executable_path/Frameworks @loader_path/Frameworks";
				PRODUCT_BUNDLE_IDENTIFIER = TD.SuccesConfirmationOverlayDemoTests;
				PRODUCT_NAME = "$(TARGET_NAME)";
				TEST_HOST = "$(BUILT_PRODUCTS_DIR)/SuccesConfirmationOverlayDemo.app/SuccesConfirmationOverlayDemo";
			};
			name = Release;
		};
		607F2F841D17D19B00F017B5 /* Debug */ = {
			isa = XCBuildConfiguration;
			buildSettings = {
				INFOPLIST_FILE = SuccesConfirmationOverlayDemoUITests/Info.plist;
				LD_RUNPATH_SEARCH_PATHS = "$(inherited) @executable_path/Frameworks @loader_path/Frameworks";
				PRODUCT_BUNDLE_IDENTIFIER = TD.SuccesConfirmationOverlayDemoUITests;
				PRODUCT_NAME = "$(TARGET_NAME)";
				TEST_TARGET_NAME = SuccesConfirmationOverlayDemo;
			};
			name = Debug;
		};
		607F2F851D17D19B00F017B5 /* Release */ = {
			isa = XCBuildConfiguration;
			buildSettings = {
				INFOPLIST_FILE = SuccesConfirmationOverlayDemoUITests/Info.plist;
				LD_RUNPATH_SEARCH_PATHS = "$(inherited) @executable_path/Frameworks @loader_path/Frameworks";
				PRODUCT_BUNDLE_IDENTIFIER = TD.SuccesConfirmationOverlayDemoUITests;
				PRODUCT_NAME = "$(TARGET_NAME)";
				TEST_TARGET_NAME = SuccesConfirmationOverlayDemo;
			};
			name = Release;
		};
/* End XCBuildConfiguration section */

/* Begin XCConfigurationList section */
		607F2F481D17D19B00F017B5 /* Build configuration list for PBXProject "SuccesConfirmationOverlayDemo" */ = {
			isa = XCConfigurationList;
			buildConfigurations = (
				607F2F7B1D17D19B00F017B5 /* Debug */,
				607F2F7C1D17D19B00F017B5 /* Release */,
			);
			defaultConfigurationIsVisible = 0;
			defaultConfigurationName = Release;
		};
		607F2F7D1D17D19B00F017B5 /* Build configuration list for PBXNativeTarget "SuccesConfirmationOverlayDemo" */ = {
			isa = XCConfigurationList;
			buildConfigurations = (
				607F2F7E1D17D19B00F017B5 /* Debug */,
				607F2F7F1D17D19B00F017B5 /* Release */,
			);
			defaultConfigurationIsVisible = 0;
		};
		607F2F801D17D19B00F017B5 /* Build configuration list for PBXNativeTarget "SuccesConfirmationOverlayDemoTests" */ = {
			isa = XCConfigurationList;
			buildConfigurations = (
				607F2F811D17D19B00F017B5 /* Debug */,
				607F2F821D17D19B00F017B5 /* Release */,
			);
			defaultConfigurationIsVisible = 0;
		};
		607F2F831D17D19B00F017B5 /* Build configuration list for PBXNativeTarget "SuccesConfirmationOverlayDemoUITests" */ = {
			isa = XCConfigurationList;
			buildConfigurations = (
				607F2F841D17D19B00F017B5 /* Debug */,
				607F2F851D17D19B00F017B5 /* Release */,
			);
			defaultConfigurationIsVisible = 0;
		};
/* End XCConfigurationList section */

/* Begin XCVersionGroup section */
		607F2F5C1D17D19B00F017B5 /* SuccesConfirmationOverlayDemo.xcdatamodeld */ = {
			isa = XCVersionGroup;
			children = (
				607F2F5D1D17D19B00F017B5 /* SuccesConfirmationOverlayDemo.xcdatamodel */,
			);
			currentVersion = 607F2F5D1D17D19B00F017B5 /* SuccesConfirmationOverlayDemo.xcdatamodel */;
			path = SuccesConfirmationOverlayDemo.xcdatamodeld;
			sourceTree = "<group>";
			versionGroupType = wrapper.xcdatamodel;
		};
/* End XCVersionGroup section */
	};
	rootObject = 607F2F451D17D19B00F017B5 /* Project object */;
}
